
Microsoft Visual Studio Solution File, Format Version 12.00
# Visual Studio 2012
Project("{FAE04EC0-301F-11D3-BF4B-00C04F79EFBC}") = "Denver Dive Review", "Denver Dive Review\Denver Dive Review.csproj", "{7398AB22-654D-4BB2-B645-339A2F3F5EBF}"
EndProject
Project("{FAE04EC0-301F-11D3-BF4B-00C04F79EFBC}") = "Denver Dive Review.Tests", "Denver Dive Review.Tests\Denver Dive Review.Tests.csproj", "{71FACBE1-D7BF-4AE1-B8C6-E0916DDE62E1}"
EndProject
Project("{2150E333-8FDC-42A3-9474-1A3956D46DE8}") = ".nuget", ".nuget", "{FB202396-D2D1-4694-BEBD-090838963431}"
	ProjectSection(SolutionItems) = preProject
		.nuget\NuGet.Config = .nuget\NuGet.Config
		.nuget\NuGet.exe = .nuget\NuGet.exe
		.nuget\NuGet.targets = .nuget\NuGet.targets
	EndProjectSection
EndProject
Global
	GlobalSection(SolutionConfigurationPlatforms) = preSolution
		Debug|Any CPU = Debug|Any CPU
		Release|Any CPU = Release|Any CPU
	EndGlobalSection
	GlobalSection(ProjectConfigurationPlatforms) = postSolution
		{7398AB22-654D-4BB2-B645-339A2F3F5EBF}.Debug|Any CPU.ActiveCfg = Debug|Any CPU
		{7398AB22-654D-4BB2-B645-339A2F3F5EBF}.Debug|Any CPU.Build.0 = Debug|Any CPU
		{7398AB22-654D-4BB2-B645-339A2F3F5EBF}.Release|Any CPU.ActiveCfg = Release|Any CPU
		{7398AB22-654D-4BB2-B645-339A2F3F5EBF}.Release|Any CPU.Build.0 = Release|Any CPU
		{71FACBE1-D7BF-4AE1-B8C6-E0916DDE62E1}.Debug|Any CPU.ActiveCfg = Debug|Any CPU
		{71FACBE1-D7BF-4AE1-B8C6-E0916DDE62E1}.Debug|Any CPU.Build.0 = Debug|Any CPU
		{71FACBE1-D7BF-4AE1-B8C6-E0916DDE62E1}.Release|Any CPU.ActiveCfg = Release|Any CPU
		{71FACBE1-D7BF-4AE1-B8C6-E0916DDE62E1}.Release|Any CPU.Build.0 = Release|Any CPU
	EndGlobalSection
	GlobalSection(SolutionProperties) = preSolution
		HideSolutionNode = FALSE
	EndGlobalSection
EndGlobal
