
Microsoft Visual Studio Solution File, Format Version 12.00
# Visual Studio 2013
VisualStudioVersion = 12.0.30110.0
MinimumVisualStudioVersion = 10.0.40219.1
Project("{FAE04EC0-301F-11D3-BF4B-00C04F79EFBC}") = "Denver Dive Review", "Denver Dive Review\Denver Dive Review.csproj", "{7398AB22-654D-4BB2-B645-339A2F3F5EBF}"
EndProject
Project("{FAE04EC0-301F-11D3-BF4B-00C04F79EFBC}") = "Denver Dive Review.Tests", "Denver Dive Review.Tests\Denver Dive Review.Tests.csproj", "{71FACBE1-D7BF-4AE1-B8C6-E0916DDE62E1}"
EndProject
Project("{2150E333-8FDC-42A3-9474-1A3956D46DE8}") = "Solution Items", "Solution Items", "{3DB8EFCD-2D47-4DA7-87CC-32839DF1ABE3}"
	ProjectSection(SolutionItems) = preProject
		.gitignore = .gitignore
		README.md = README.md
	EndProjectSection
EndProject
Project("{FAE04EC0-301F-11D3-BF4B-00C04F79EFBC}") = "DenverDiveApi", "DenverDiveApi\DenverDiveApi.csproj", "{1D692C9F-7B87-4986-A968-603FA2A9BD4B}"
EndProject
Project("{FAE04EC0-301F-11D3-BF4B-00C04F79EFBC}") = "DenverDiveApi.Tests", "DenverDiveApi.Tests\DenverDiveApi.Tests.csproj", "{5E35DCF9-D83C-4B6F-A72E-8AF16E07E807}"
EndProject
Project("{FAE04EC0-301F-11D3-BF4B-00C04F79EFBC}") = "Domain", "Domain\Domain.csproj", "{2732EAA5-FD0C-4259-8C2C-40AFE54364AA}"
EndProject
Project("{FAE04EC0-301F-11D3-BF4B-00C04F79EFBC}") = "BarTabService", "BarTabService\BarTabService.csproj", "{62E6D6EE-2B90-49DE-B70B-269C2D3DBE19}"
EndProject
Project("{FAE04EC0-301F-11D3-BF4B-00C04F79EFBC}") = "FilePersistence", "FilePersistence\FilePersistence.csproj", "{F7ACDF3F-CBC1-4541-AFB1-6F422A1413B3}"
EndProject
Project("{FAE04EC0-301F-11D3-BF4B-00C04F79EFBC}") = "BarTabsServiceSpecs", "BarTabsServiceSpecs\BarTabsServiceSpecs.csproj", "{295F60E8-F9C0-423B-9386-D5C4754A873D}"
EndProject
Project("{FAE04EC0-301F-11D3-BF4B-00C04F79EFBC}") = "Specs.For.YelpApi", "Specs.For.YelpApi\Specs.For.YelpApi.csproj", "{1C0CA761-A9DB-4EE6-8655-9ECB01AF6A7E}"
EndProject
Project("{FAE04EC0-301F-11D3-BF4B-00C04F79EFBC}") = "YelpApiWrapper", "YelpApiWrapper\YelpApiWrapper.csproj", "{3B56B360-9F01-48BB-BFA6-EEB73F9B6E2B}"
EndProject
Project("{FAE04EC0-301F-11D3-BF4B-00C04F79EFBC}") = "DbPersistence", "DbPersistence\DbPersistence.csproj", "{D16AB3EA-5A92-440C-8E99-73A2C81C5D7E}"
EndProject
Global
	GlobalSection(SolutionConfigurationPlatforms) = preSolution
		Debug|Any CPU = Debug|Any CPU
		Release|Any CPU = Release|Any CPU
	EndGlobalSection
	GlobalSection(ProjectConfigurationPlatforms) = postSolution
		{7398AB22-654D-4BB2-B645-339A2F3F5EBF}.Debug|Any CPU.ActiveCfg = Debug|Any CPU
		{7398AB22-654D-4BB2-B645-339A2F3F5EBF}.Debug|Any CPU.Build.0 = Debug|Any CPU
		{7398AB22-654D-4BB2-B645-339A2F3F5EBF}.Release|Any CPU.ActiveCfg = Release|Any CPU
		{7398AB22-654D-4BB2-B645-339A2F3F5EBF}.Release|Any CPU.Build.0 = Release|Any CPU
		{71FACBE1-D7BF-4AE1-B8C6-E0916DDE62E1}.Debug|Any CPU.ActiveCfg = Debug|Any CPU
		{71FACBE1-D7BF-4AE1-B8C6-E0916DDE62E1}.Debug|Any CPU.Build.0 = Debug|Any CPU
		{71FACBE1-D7BF-4AE1-B8C6-E0916DDE62E1}.Release|Any CPU.ActiveCfg = Release|Any CPU
		{71FACBE1-D7BF-4AE1-B8C6-E0916DDE62E1}.Release|Any CPU.Build.0 = Release|Any CPU
		{1D692C9F-7B87-4986-A968-603FA2A9BD4B}.Debug|Any CPU.ActiveCfg = Debug|Any CPU
		{1D692C9F-7B87-4986-A968-603FA2A9BD4B}.Debug|Any CPU.Build.0 = Debug|Any CPU
		{1D692C9F-7B87-4986-A968-603FA2A9BD4B}.Release|Any CPU.ActiveCfg = Release|Any CPU
		{1D692C9F-7B87-4986-A968-603FA2A9BD4B}.Release|Any CPU.Build.0 = Release|Any CPU
		{5E35DCF9-D83C-4B6F-A72E-8AF16E07E807}.Debug|Any CPU.ActiveCfg = Debug|Any CPU
		{5E35DCF9-D83C-4B6F-A72E-8AF16E07E807}.Debug|Any CPU.Build.0 = Debug|Any CPU
		{5E35DCF9-D83C-4B6F-A72E-8AF16E07E807}.Release|Any CPU.ActiveCfg = Release|Any CPU
		{5E35DCF9-D83C-4B6F-A72E-8AF16E07E807}.Release|Any CPU.Build.0 = Release|Any CPU
		{2732EAA5-FD0C-4259-8C2C-40AFE54364AA}.Debug|Any CPU.ActiveCfg = Debug|Any CPU
		{2732EAA5-FD0C-4259-8C2C-40AFE54364AA}.Debug|Any CPU.Build.0 = Debug|Any CPU
		{2732EAA5-FD0C-4259-8C2C-40AFE54364AA}.Release|Any CPU.ActiveCfg = Release|Any CPU
		{2732EAA5-FD0C-4259-8C2C-40AFE54364AA}.Release|Any CPU.Build.0 = Release|Any CPU
		{62E6D6EE-2B90-49DE-B70B-269C2D3DBE19}.Debug|Any CPU.ActiveCfg = Debug|Any CPU
		{62E6D6EE-2B90-49DE-B70B-269C2D3DBE19}.Debug|Any CPU.Build.0 = Debug|Any CPU
		{62E6D6EE-2B90-49DE-B70B-269C2D3DBE19}.Release|Any CPU.ActiveCfg = Release|Any CPU
		{62E6D6EE-2B90-49DE-B70B-269C2D3DBE19}.Release|Any CPU.Build.0 = Release|Any CPU
		{F7ACDF3F-CBC1-4541-AFB1-6F422A1413B3}.Debug|Any CPU.ActiveCfg = Debug|Any CPU
		{F7ACDF3F-CBC1-4541-AFB1-6F422A1413B3}.Debug|Any CPU.Build.0 = Debug|Any CPU
		{F7ACDF3F-CBC1-4541-AFB1-6F422A1413B3}.Release|Any CPU.ActiveCfg = Release|Any CPU
		{F7ACDF3F-CBC1-4541-AFB1-6F422A1413B3}.Release|Any CPU.Build.0 = Release|Any CPU
		{295F60E8-F9C0-423B-9386-D5C4754A873D}.Debug|Any CPU.ActiveCfg = Debug|Any CPU
		{295F60E8-F9C0-423B-9386-D5C4754A873D}.Debug|Any CPU.Build.0 = Debug|Any CPU
		{295F60E8-F9C0-423B-9386-D5C4754A873D}.Release|Any CPU.ActiveCfg = Release|Any CPU
		{295F60E8-F9C0-423B-9386-D5C4754A873D}.Release|Any CPU.Build.0 = Release|Any CPU
		{1C0CA761-A9DB-4EE6-8655-9ECB01AF6A7E}.Debug|Any CPU.ActiveCfg = Debug|Any CPU
		{1C0CA761-A9DB-4EE6-8655-9ECB01AF6A7E}.Debug|Any CPU.Build.0 = Debug|Any CPU
		{1C0CA761-A9DB-4EE6-8655-9ECB01AF6A7E}.Release|Any CPU.ActiveCfg = Release|Any CPU
		{1C0CA761-A9DB-4EE6-8655-9ECB01AF6A7E}.Release|Any CPU.Build.0 = Release|Any CPU
		{3B56B360-9F01-48BB-BFA6-EEB73F9B6E2B}.Debug|Any CPU.ActiveCfg = Debug|Any CPU
		{3B56B360-9F01-48BB-BFA6-EEB73F9B6E2B}.Debug|Any CPU.Build.0 = Debug|Any CPU
		{3B56B360-9F01-48BB-BFA6-EEB73F9B6E2B}.Release|Any CPU.ActiveCfg = Release|Any CPU
		{3B56B360-9F01-48BB-BFA6-EEB73F9B6E2B}.Release|Any CPU.Build.0 = Release|Any CPU
		{D16AB3EA-5A92-440C-8E99-73A2C81C5D7E}.Debug|Any CPU.ActiveCfg = Debug|Any CPU
		{D16AB3EA-5A92-440C-8E99-73A2C81C5D7E}.Debug|Any CPU.Build.0 = Debug|Any CPU
		{D16AB3EA-5A92-440C-8E99-73A2C81C5D7E}.Release|Any CPU.ActiveCfg = Release|Any CPU
		{D16AB3EA-5A92-440C-8E99-73A2C81C5D7E}.Release|Any CPU.Build.0 = Release|Any CPU
	EndGlobalSection
	GlobalSection(SolutionProperties) = preSolution
		HideSolutionNode = FALSE
	EndGlobalSection
EndGlobal
